
Microsoft Visual Studio Solution File, Format Version 12.00
# Visual Studio 15
VisualStudioVersion = 15.0.26228.4
MinimumVisualStudioVersion = 10.0.40219.1
Project("{FAE04EC0-301F-11D3-BF4B-00C04F79EFBC}") = "Cats.Android", "Cats\Cats.Android\Cats.Android.csproj", "{38E3359D-EBA6-4551-88F3-0B5C1C66E238}"
EndProject
Project("{FAE04EC0-301F-11D3-BF4B-00C04F79EFBC}") = "Cats", "Cats\Cats\Cats.csproj", "{CED95D00-0812-4DFD-8A91-B4CD099C541C}"
EndProject
Project("{FAE04EC0-301F-11D3-BF4B-00C04F79EFBC}") = "Cats.UWP", "Cats\Cats.UWP\Cats.UWP.csproj", "{78502FE6-0A10-471D-A38A-B1143AB97E31}"
EndProject
Project("{FAE04EC0-301F-11D3-BF4B-00C04F79EFBC}") = "Cats.iOS", "Cats\Cats.iOS\Cats.iOS.csproj", "{761B7155-D638-4BCB-B81E-A89DB8DD6568}"
EndProject
Global
	GlobalSection(SolutionConfigurationPlatforms) = preSolution
		Ad-Hoc|Any CPU = Ad-Hoc|Any CPU
		Ad-Hoc|ARM = Ad-Hoc|ARM
		Ad-Hoc|iPhone = Ad-Hoc|iPhone
		Ad-Hoc|iPhoneSimulator = Ad-Hoc|iPhoneSimulator
		Ad-Hoc|x64 = Ad-Hoc|x64
		Ad-Hoc|x86 = Ad-Hoc|x86
		AppStore|Any CPU = AppStore|Any CPU
		AppStore|ARM = AppStore|ARM
		AppStore|iPhone = AppStore|iPhone
		AppStore|iPhoneSimulator = AppStore|iPhoneSimulator
		AppStore|x64 = AppStore|x64
		AppStore|x86 = AppStore|x86
		Debug|Any CPU = Debug|Any CPU
		Debug|ARM = Debug|ARM
		Debug|iPhone = Debug|iPhone
		Debug|iPhoneSimulator = Debug|iPhoneSimulator
		Debug|x64 = Debug|x64
		Debug|x86 = Debug|x86
		Release|Any CPU = Release|Any CPU
		Release|ARM = Release|ARM
		Release|iPhone = Release|iPhone
		Release|iPhoneSimulator = Release|iPhoneSimulator
		Release|x64 = Release|x64
		Release|x86 = Release|x86
	EndGlobalSection
	GlobalSection(ProjectConfigurationPlatforms) = postSolution
		{38E3359D-EBA6-4551-88F3-0B5C1C66E238}.Ad-Hoc|Any CPU.ActiveCfg = Release|Any CPU
		{38E3359D-EBA6-4551-88F3-0B5C1C66E238}.Ad-Hoc|Any CPU.Build.0 = Release|Any CPU
		{38E3359D-EBA6-4551-88F3-0B5C1C66E238}.Ad-Hoc|Any CPU.Deploy.0 = Release|Any CPU
		{38E3359D-EBA6-4551-88F3-0B5C1C66E238}.Ad-Hoc|ARM.ActiveCfg = Release|Any CPU
		{38E3359D-EBA6-4551-88F3-0B5C1C66E238}.Ad-Hoc|ARM.Build.0 = Release|Any CPU
		{38E3359D-EBA6-4551-88F3-0B5C1C66E238}.Ad-Hoc|ARM.Deploy.0 = Release|Any CPU
		{38E3359D-EBA6-4551-88F3-0B5C1C66E238}.Ad-Hoc|iPhone.ActiveCfg = Release|Any CPU
		{38E3359D-EBA6-4551-88F3-0B5C1C66E238}.Ad-Hoc|iPhone.Build.0 = Release|Any CPU
		{38E3359D-EBA6-4551-88F3-0B5C1C66E238}.Ad-Hoc|iPhone.Deploy.0 = Release|Any CPU
		{38E3359D-EBA6-4551-88F3-0B5C1C66E238}.Ad-Hoc|iPhoneSimulator.ActiveCfg = Release|Any CPU
		{38E3359D-EBA6-4551-88F3-0B5C1C66E238}.Ad-Hoc|iPhoneSimulator.Build.0 = Release|Any CPU
		{38E3359D-EBA6-4551-88F3-0B5C1C66E238}.Ad-Hoc|iPhoneSimulator.Deploy.0 = Release|Any CPU
		{38E3359D-EBA6-4551-88F3-0B5C1C66E238}.Ad-Hoc|x64.ActiveCfg = Release|Any CPU
		{38E3359D-EBA6-4551-88F3-0B5C1C66E238}.Ad-Hoc|x64.Build.0 = Release|Any CPU
		{38E3359D-EBA6-4551-88F3-0B5C1C66E238}.Ad-Hoc|x64.Deploy.0 = Release|Any CPU
		{38E3359D-EBA6-4551-88F3-0B5C1C66E238}.Ad-Hoc|x86.ActiveCfg = Release|Any CPU
		{38E3359D-EBA6-4551-88F3-0B5C1C66E238}.Ad-Hoc|x86.Build.0 = Release|Any CPU
		{38E3359D-EBA6-4551-88F3-0B5C1C66E238}.Ad-Hoc|x86.Deploy.0 = Release|Any CPU
		{38E3359D-EBA6-4551-88F3-0B5C1C66E238}.AppStore|Any CPU.ActiveCfg = Release|Any CPU
		{38E3359D-EBA6-4551-88F3-0B5C1C66E238}.AppStore|Any CPU.Build.0 = Release|Any CPU
		{38E3359D-EBA6-4551-88F3-0B5C1C66E238}.AppStore|Any CPU.Deploy.0 = Release|Any CPU
		{38E3359D-EBA6-4551-88F3-0B5C1C66E238}.AppStore|ARM.ActiveCfg = Release|Any CPU
		{38E3359D-EBA6-4551-88F3-0B5C1C66E238}.AppStore|ARM.Build.0 = Release|Any CPU
		{38E3359D-EBA6-4551-88F3-0B5C1C66E238}.AppStore|ARM.Deploy.0 = Release|Any CPU
		{38E3359D-EBA6-4551-88F3-0B5C1C66E238}.AppStore|iPhone.ActiveCfg = Release|Any CPU
		{38E3359D-EBA6-4551-88F3-0B5C1C66E238}.AppStore|iPhone.Build.0 = Release|Any CPU
		{38E3359D-EBA6-4551-88F3-0B5C1C66E238}.AppStore|iPhone.Deploy.0 = Release|Any CPU
		{38E3359D-EBA6-4551-88F3-0B5C1C66E238}.AppStore|iPhoneSimulator.ActiveCfg = Release|Any CPU
		{38E3359D-EBA6-4551-88F3-0B5C1C66E238}.AppStore|iPhoneSimulator.Build.0 = Release|Any CPU
		{38E3359D-EBA6-4551-88F3-0B5C1C66E238}.AppStore|iPhoneSimulator.Deploy.0 = Release|Any CPU
		{38E3359D-EBA6-4551-88F3-0B5C1C66E238}.AppStore|x64.ActiveCfg = Release|Any CPU
		{38E3359D-EBA6-4551-88F3-0B5C1C66E238}.AppStore|x64.Build.0 = Release|Any CPU
		{38E3359D-EBA6-4551-88F3-0B5C1C66E238}.AppStore|x64.Deploy.0 = Release|Any CPU
		{38E3359D-EBA6-4551-88F3-0B5C1C66E238}.AppStore|x86.ActiveCfg = Release|Any CPU
		{38E3359D-EBA6-4551-88F3-0B5C1C66E238}.AppStore|x86.Build.0 = Release|Any CPU
		{38E3359D-EBA6-4551-88F3-0B5C1C66E238}.AppStore|x86.Deploy.0 = Release|Any CPU
		{38E3359D-EBA6-4551-88F3-0B5C1C66E238}.Debug|Any CPU.ActiveCfg = Debug|Any CPU
		{38E3359D-EBA6-4551-88F3-0B5C1C66E238}.Debug|Any CPU.Build.0 = Debug|Any CPU
		{38E3359D-EBA6-4551-88F3-0B5C1C66E238}.Debug|Any CPU.Deploy.0 = Debug|Any CPU
		{38E3359D-EBA6-4551-88F3-0B5C1C66E238}.Debug|ARM.ActiveCfg = Debug|Any CPU
		{38E3359D-EBA6-4551-88F3-0B5C1C66E238}.Debug|ARM.Build.0 = Debug|Any CPU
		{38E3359D-EBA6-4551-88F3-0B5C1C66E238}.Debug|ARM.Deploy.0 = Debug|Any CPU
		{38E3359D-EBA6-4551-88F3-0B5C1C66E238}.Debug|iPhone.ActiveCfg = Debug|Any CPU
		{38E3359D-EBA6-4551-88F3-0B5C1C66E238}.Debug|iPhone.Build.0 = Debug|Any CPU
		{38E3359D-EBA6-4551-88F3-0B5C1C66E238}.Debug|iPhone.Deploy.0 = Debug|Any CPU
		{38E3359D-EBA6-4551-88F3-0B5C1C66E238}.Debug|iPhoneSimulator.ActiveCfg = Debug|Any CPU
		{38E3359D-EBA6-4551-88F3-0B5C1C66E238}.Debug|iPhoneSimulator.Build.0 = Debug|Any CPU
		{38E3359D-EBA6-4551-88F3-0B5C1C66E238}.Debug|iPhoneSimulator.Deploy.0 = Debug|Any CPU
		{38E3359D-EBA6-4551-88F3-0B5C1C66E238}.Debug|x64.ActiveCfg = Debug|Any CPU
		{38E3359D-EBA6-4551-88F3-0B5C1C66E238}.Debug|x64.Build.0 = Debug|Any CPU
		{38E3359D-EBA6-4551-88F3-0B5C1C66E238}.Debug|x64.Deploy.0 = Debug|Any CPU
		{38E3359D-EBA6-4551-88F3-0B5C1C66E238}.Debug|x86.ActiveCfg = Debug|Any CPU
		{38E3359D-EBA6-4551-88F3-0B5C1C66E238}.Debug|x86.Build.0 = Debug|Any CPU
		{38E3359D-EBA6-4551-88F3-0B5C1C66E238}.Debug|x86.Deploy.0 = Debug|Any CPU
		{38E3359D-EBA6-4551-88F3-0B5C1C66E238}.Release|Any CPU.ActiveCfg = Release|Any CPU
		{38E3359D-EBA6-4551-88F3-0B5C1C66E238}.Release|Any CPU.Build.0 = Release|Any CPU
		{38E3359D-EBA6-4551-88F3-0B5C1C66E238}.Release|Any CPU.Deploy.0 = Release|Any CPU
		{38E3359D-EBA6-4551-88F3-0B5C1C66E238}.Release|ARM.ActiveCfg = Release|Any CPU
		{38E3359D-EBA6-4551-88F3-0B5C1C66E238}.Release|ARM.Build.0 = Release|Any CPU
		{38E3359D-EBA6-4551-88F3-0B5C1C66E238}.Release|ARM.Deploy.0 = Release|Any CPU
		{38E3359D-EBA6-4551-88F3-0B5C1C66E238}.Release|iPhone.ActiveCfg = Release|Any CPU
		{38E3359D-EBA6-4551-88F3-0B5C1C66E238}.Release|iPhone.Build.0 = Release|Any CPU
		{38E3359D-EBA6-4551-88F3-0B5C1C66E238}.Release|iPhone.Deploy.0 = Release|Any CPU
		{38E3359D-EBA6-4551-88F3-0B5C1C66E238}.Release|iPhoneSimulator.ActiveCfg = Release|Any CPU
		{38E3359D-EBA6-4551-88F3-0B5C1C66E238}.Release|iPhoneSimulator.Build.0 = Release|Any CPU
		{38E3359D-EBA6-4551-88F3-0B5C1C66E238}.Release|iPhoneSimulator.Deploy.0 = Release|Any CPU
		{38E3359D-EBA6-4551-88F3-0B5C1C66E238}.Release|x64.ActiveCfg = Release|Any CPU
		{38E3359D-EBA6-4551-88F3-0B5C1C66E238}.Release|x64.Build.0 = Release|Any CPU
		{38E3359D-EBA6-4551-88F3-0B5C1C66E238}.Release|x64.Deploy.0 = Release|Any CPU
		{38E3359D-EBA6-4551-88F3-0B5C1C66E238}.Release|x86.ActiveCfg = Release|Any CPU
		{38E3359D-EBA6-4551-88F3-0B5C1C66E238}.Release|x86.Build.0 = Release|Any CPU
		{38E3359D-EBA6-4551-88F3-0B5C1C66E238}.Release|x86.Deploy.0 = Release|Any CPU
		{CED95D00-0812-4DFD-8A91-B4CD099C541C}.Ad-Hoc|Any CPU.ActiveCfg = Release|Any CPU
		{CED95D00-0812-4DFD-8A91-B4CD099C541C}.Ad-Hoc|Any CPU.Build.0 = Release|Any CPU
		{CED95D00-0812-4DFD-8A91-B4CD099C541C}.Ad-Hoc|ARM.ActiveCfg = Release|Any CPU
		{CED95D00-0812-4DFD-8A91-B4CD099C541C}.Ad-Hoc|ARM.Build.0 = Release|Any CPU
		{CED95D00-0812-4DFD-8A91-B4CD099C541C}.Ad-Hoc|iPhone.ActiveCfg = Release|Any CPU
		{CED95D00-0812-4DFD-8A91-B4CD099C541C}.Ad-Hoc|iPhone.Build.0 = Release|Any CPU
		{CED95D00-0812-4DFD-8A91-B4CD099C541C}.Ad-Hoc|iPhoneSimulator.ActiveCfg = Release|Any CPU
		{CED95D00-0812-4DFD-8A91-B4CD099C541C}.Ad-Hoc|iPhoneSimulator.Build.0 = Release|Any CPU
		{CED95D00-0812-4DFD-8A91-B4CD099C541C}.Ad-Hoc|x64.ActiveCfg = Release|Any CPU
		{CED95D00-0812-4DFD-8A91-B4CD099C541C}.Ad-Hoc|x64.Build.0 = Release|Any CPU
		{CED95D00-0812-4DFD-8A91-B4CD099C541C}.Ad-Hoc|x86.ActiveCfg = Release|Any CPU
		{CED95D00-0812-4DFD-8A91-B4CD099C541C}.Ad-Hoc|x86.Build.0 = Release|Any CPU
		{CED95D00-0812-4DFD-8A91-B4CD099C541C}.AppStore|Any CPU.ActiveCfg = Release|Any CPU
		{CED95D00-0812-4DFD-8A91-B4CD099C541C}.AppStore|Any CPU.Build.0 = Release|Any CPU
		{CED95D00-0812-4DFD-8A91-B4CD099C541C}.AppStore|ARM.ActiveCfg = Release|Any CPU
		{CED95D00-0812-4DFD-8A91-B4CD099C541C}.AppStore|ARM.Build.0 = Release|Any CPU
		{CED95D00-0812-4DFD-8A91-B4CD099C541C}.AppStore|iPhone.ActiveCfg = Release|Any CPU
		{CED95D00-0812-4DFD-8A91-B4CD099C541C}.AppStore|iPhone.Build.0 = Release|Any CPU
		{CED95D00-0812-4DFD-8A91-B4CD099C541C}.AppStore|iPhoneSimulator.ActiveCfg = Release|Any CPU
		{CED95D00-0812-4DFD-8A91-B4CD099C541C}.AppStore|iPhoneSimulator.Build.0 = Release|Any CPU
		{CED95D00-0812-4DFD-8A91-B4CD099C541C}.AppStore|x64.ActiveCfg = Release|Any CPU
		{CED95D00-0812-4DFD-8A91-B4CD099C541C}.AppStore|x64.Build.0 = Release|Any CPU
		{CED95D00-0812-4DFD-8A91-B4CD099C541C}.AppStore|x86.ActiveCfg = Release|Any CPU
		{CED95D00-0812-4DFD-8A91-B4CD099C541C}.AppStore|x86.Build.0 = Release|Any CPU
		{CED95D00-0812-4DFD-8A91-B4CD099C541C}.Debug|Any CPU.ActiveCfg = Debug|Any CPU
		{CED95D00-0812-4DFD-8A91-B4CD099C541C}.Debug|Any CPU.Build.0 = Debug|Any CPU
		{CED95D00-0812-4DFD-8A91-B4CD099C541C}.Debug|ARM.ActiveCfg = Debug|Any CPU
		{CED95D00-0812-4DFD-8A91-B4CD099C541C}.Debug|ARM.Build.0 = Debug|Any CPU
		{CED95D00-0812-4DFD-8A91-B4CD099C541C}.Debug|iPhone.ActiveCfg = Debug|Any CPU
		{CED95D00-0812-4DFD-8A91-B4CD099C541C}.Debug|iPhone.Build.0 = Debug|Any CPU
		{CED95D00-0812-4DFD-8A91-B4CD099C541C}.Debug|iPhoneSimulator.ActiveCfg = Debug|Any CPU
		{CED95D00-0812-4DFD-8A91-B4CD099C541C}.Debug|iPhoneSimulator.Build.0 = Debug|Any CPU
		{CED95D00-0812-4DFD-8A91-B4CD099C541C}.Debug|x64.ActiveCfg = Debug|Any CPU
		{CED95D00-0812-4DFD-8A91-B4CD099C541C}.Debug|x64.Build.0 = Debug|Any CPU
		{CED95D00-0812-4DFD-8A91-B4CD099C541C}.Debug|x86.ActiveCfg = Debug|Any CPU
		{CED95D00-0812-4DFD-8A91-B4CD099C541C}.Debug|x86.Build.0 = Debug|Any CPU
		{CED95D00-0812-4DFD-8A91-B4CD099C541C}.Release|Any CPU.ActiveCfg = Release|Any CPU
		{CED95D00-0812-4DFD-8A91-B4CD099C541C}.Release|Any CPU.Build.0 = Release|Any CPU
		{CED95D00-0812-4DFD-8A91-B4CD099C541C}.Release|ARM.ActiveCfg = Release|Any CPU
		{CED95D00-0812-4DFD-8A91-B4CD099C541C}.Release|ARM.Build.0 = Release|Any CPU
		{CED95D00-0812-4DFD-8A91-B4CD099C541C}.Release|iPhone.ActiveCfg = Release|Any CPU
		{CED95D00-0812-4DFD-8A91-B4CD099C541C}.Release|iPhone.Build.0 = Release|Any CPU
		{CED95D00-0812-4DFD-8A91-B4CD099C541C}.Release|iPhoneSimulator.ActiveCfg = Release|Any CPU
		{CED95D00-0812-4DFD-8A91-B4CD099C541C}.Release|iPhoneSimulator.Build.0 = Release|Any CPU
		{CED95D00-0812-4DFD-8A91-B4CD099C541C}.Release|x64.ActiveCfg = Release|Any CPU
		{CED95D00-0812-4DFD-8A91-B4CD099C541C}.Release|x64.Build.0 = Release|Any CPU
		{CED95D00-0812-4DFD-8A91-B4CD099C541C}.Release|x86.ActiveCfg = Release|Any CPU
		{CED95D00-0812-4DFD-8A91-B4CD099C541C}.Release|x86.Build.0 = Release|Any CPU
		{78502FE6-0A10-471D-A38A-B1143AB97E31}.Ad-Hoc|Any CPU.ActiveCfg = Release|x86
		{78502FE6-0A10-471D-A38A-B1143AB97E31}.Ad-Hoc|Any CPU.Build.0 = Release|x86
		{78502FE6-0A10-471D-A38A-B1143AB97E31}.Ad-Hoc|Any CPU.Deploy.0 = Release|x86
		{78502FE6-0A10-471D-A38A-B1143AB97E31}.Ad-Hoc|ARM.ActiveCfg = Release|ARM
		{78502FE6-0A10-471D-A38A-B1143AB97E31}.Ad-Hoc|ARM.Build.0 = Release|ARM
		{78502FE6-0A10-471D-A38A-B1143AB97E31}.Ad-Hoc|ARM.Deploy.0 = Release|ARM
		{78502FE6-0A10-471D-A38A-B1143AB97E31}.Ad-Hoc|iPhone.ActiveCfg = Release|x86
		{78502FE6-0A10-471D-A38A-B1143AB97E31}.Ad-Hoc|iPhone.Build.0 = Release|x86
		{78502FE6-0A10-471D-A38A-B1143AB97E31}.Ad-Hoc|iPhone.Deploy.0 = Release|x86
		{78502FE6-0A10-471D-A38A-B1143AB97E31}.Ad-Hoc|iPhoneSimulator.ActiveCfg = Release|x86
		{78502FE6-0A10-471D-A38A-B1143AB97E31}.Ad-Hoc|iPhoneSimulator.Build.0 = Release|x86
		{78502FE6-0A10-471D-A38A-B1143AB97E31}.Ad-Hoc|iPhoneSimulator.Deploy.0 = Release|x86
		{78502FE6-0A10-471D-A38A-B1143AB97E31}.Ad-Hoc|x64.ActiveCfg = Release|x64
		{78502FE6-0A10-471D-A38A-B1143AB97E31}.Ad-Hoc|x64.Build.0 = Release|x64
		{78502FE6-0A10-471D-A38A-B1143AB97E31}.Ad-Hoc|x64.Deploy.0 = Release|x64
		{78502FE6-0A10-471D-A38A-B1143AB97E31}.Ad-Hoc|x86.ActiveCfg = Release|x86
		{78502FE6-0A10-471D-A38A-B1143AB97E31}.Ad-Hoc|x86.Build.0 = Release|x86
		{78502FE6-0A10-471D-A38A-B1143AB97E31}.Ad-Hoc|x86.Deploy.0 = Release|x86
		{78502FE6-0A10-471D-A38A-B1143AB97E31}.AppStore|Any CPU.ActiveCfg = Release|x86
		{78502FE6-0A10-471D-A38A-B1143AB97E31}.AppStore|Any CPU.Build.0 = Release|x86
		{78502FE6-0A10-471D-A38A-B1143AB97E31}.AppStore|Any CPU.Deploy.0 = Release|x86
		{78502FE6-0A10-471D-A38A-B1143AB97E31}.AppStore|ARM.ActiveCfg = Release|ARM
		{78502FE6-0A10-471D-A38A-B1143AB97E31}.AppStore|ARM.Build.0 = Release|ARM
		{78502FE6-0A10-471D-A38A-B1143AB97E31}.AppStore|ARM.Deploy.0 = Release|ARM
		{78502FE6-0A10-471D-A38A-B1143AB97E31}.AppStore|iPhone.ActiveCfg = Release|x86
		{78502FE6-0A10-471D-A38A-B1143AB97E31}.AppStore|iPhone.Build.0 = Release|x86
		{78502FE6-0A10-471D-A38A-B1143AB97E31}.AppStore|iPhone.Deploy.0 = Release|x86
		{78502FE6-0A10-471D-A38A-B1143AB97E31}.AppStore|iPhoneSimulator.ActiveCfg = Release|x86
		{78502FE6-0A10-471D-A38A-B1143AB97E31}.AppStore|iPhoneSimulator.Build.0 = Release|x86
		{78502FE6-0A10-471D-A38A-B1143AB97E31}.AppStore|iPhoneSimulator.Deploy.0 = Release|x86
		{78502FE6-0A10-471D-A38A-B1143AB97E31}.AppStore|x64.ActiveCfg = Release|x64
		{78502FE6-0A10-471D-A38A-B1143AB97E31}.AppStore|x64.Build.0 = Release|x64
		{78502FE6-0A10-471D-A38A-B1143AB97E31}.AppStore|x64.Deploy.0 = Release|x64
		{78502FE6-0A10-471D-A38A-B1143AB97E31}.AppStore|x86.ActiveCfg = Release|x86
		{78502FE6-0A10-471D-A38A-B1143AB97E31}.AppStore|x86.Build.0 = Release|x86
		{78502FE6-0A10-471D-A38A-B1143AB97E31}.AppStore|x86.Deploy.0 = Release|x86
		{78502FE6-0A10-471D-A38A-B1143AB97E31}.Debug|Any CPU.ActiveCfg = Debug|x86
		{78502FE6-0A10-471D-A38A-B1143AB97E31}.Debug|ARM.ActiveCfg = Debug|ARM
		{78502FE6-0A10-471D-A38A-B1143AB97E31}.Debug|ARM.Build.0 = Debug|ARM
		{78502FE6-0A10-471D-A38A-B1143AB97E31}.Debug|ARM.Deploy.0 = Debug|ARM
		{78502FE6-0A10-471D-A38A-B1143AB97E31}.Debug|iPhone.ActiveCfg = Debug|x86
		{78502FE6-0A10-471D-A38A-B1143AB97E31}.Debug|iPhoneSimulator.ActiveCfg = Debug|x86
		{78502FE6-0A10-471D-A38A-B1143AB97E31}.Debug|x64.ActiveCfg = Debug|x64
		{78502FE6-0A10-471D-A38A-B1143AB97E31}.Debug|x64.Build.0 = Debug|x64
		{78502FE6-0A10-471D-A38A-B1143AB97E31}.Debug|x64.Deploy.0 = Debug|x64
		{78502FE6-0A10-471D-A38A-B1143AB97E31}.Debug|x86.ActiveCfg = Debug|x86
		{78502FE6-0A10-471D-A38A-B1143AB97E31}.Debug|x86.Build.0 = Debug|x86
		{78502FE6-0A10-471D-A38A-B1143AB97E31}.Debug|x86.Deploy.0 = Debug|x86
		{78502FE6-0A10-471D-A38A-B1143AB97E31}.Release|Any CPU.ActiveCfg = Release|x86
		{78502FE6-0A10-471D-A38A-B1143AB97E31}.Release|ARM.ActiveCfg = Release|ARM
		{78502FE6-0A10-471D-A38A-B1143AB97E31}.Release|ARM.Build.0 = Release|ARM
		{78502FE6-0A10-471D-A38A-B1143AB97E31}.Release|ARM.Deploy.0 = Release|ARM
		{78502FE6-0A10-471D-A38A-B1143AB97E31}.Release|iPhone.ActiveCfg = Release|x86
		{78502FE6-0A10-471D-A38A-B1143AB97E31}.Release|iPhoneSimulator.ActiveCfg = Release|x86
		{78502FE6-0A10-471D-A38A-B1143AB97E31}.Release|x64.ActiveCfg = Release|x64
		{78502FE6-0A10-471D-A38A-B1143AB97E31}.Release|x64.Build.0 = Release|x64
		{78502FE6-0A10-471D-A38A-B1143AB97E31}.Release|x64.Deploy.0 = Release|x64
		{78502FE6-0A10-471D-A38A-B1143AB97E31}.Release|x86.ActiveCfg = Release|x86
		{78502FE6-0A10-471D-A38A-B1143AB97E31}.Release|x86.Build.0 = Release|x86
		{78502FE6-0A10-471D-A38A-B1143AB97E31}.Release|x86.Deploy.0 = Release|x86
		{761B7155-D638-4BCB-B81E-A89DB8DD6568}.Ad-Hoc|Any CPU.ActiveCfg = Ad-Hoc|iPhone
		{761B7155-D638-4BCB-B81E-A89DB8DD6568}.Ad-Hoc|ARM.ActiveCfg = Ad-Hoc|iPhone
		{761B7155-D638-4BCB-B81E-A89DB8DD6568}.Ad-Hoc|iPhone.ActiveCfg = Ad-Hoc|iPhone
		{761B7155-D638-4BCB-B81E-A89DB8DD6568}.Ad-Hoc|iPhone.Build.0 = Ad-Hoc|iPhone
		{761B7155-D638-4BCB-B81E-A89DB8DD6568}.Ad-Hoc|iPhoneSimulator.ActiveCfg = Ad-Hoc|iPhoneSimulator
		{761B7155-D638-4BCB-B81E-A89DB8DD6568}.Ad-Hoc|iPhoneSimulator.Build.0 = Ad-Hoc|iPhoneSimulator
		{761B7155-D638-4BCB-B81E-A89DB8DD6568}.Ad-Hoc|x64.ActiveCfg = Ad-Hoc|iPhone
		{761B7155-D638-4BCB-B81E-A89DB8DD6568}.Ad-Hoc|x86.ActiveCfg = Ad-Hoc|iPhone
		{761B7155-D638-4BCB-B81E-A89DB8DD6568}.AppStore|Any CPU.ActiveCfg = AppStore|iPhone
		{761B7155-D638-4BCB-B81E-A89DB8DD6568}.AppStore|ARM.ActiveCfg = AppStore|iPhone
		{761B7155-D638-4BCB-B81E-A89DB8DD6568}.AppStore|iPhone.ActiveCfg = AppStore|iPhone
		{761B7155-D638-4BCB-B81E-A89DB8DD6568}.AppStore|iPhone.Build.0 = AppStore|iPhone
		{761B7155-D638-4BCB-B81E-A89DB8DD6568}.AppStore|iPhoneSimulator.ActiveCfg = AppStore|iPhoneSimulator
		{761B7155-D638-4BCB-B81E-A89DB8DD6568}.AppStore|iPhoneSimulator.Build.0 = AppStore|iPhoneSimulator
		{761B7155-D638-4BCB-B81E-A89DB8DD6568}.AppStore|x64.ActiveCfg = AppStore|iPhone
		{761B7155-D638-4BCB-B81E-A89DB8DD6568}.AppStore|x86.ActiveCfg = AppStore|iPhone
		{761B7155-D638-4BCB-B81E-A89DB8DD6568}.Debug|Any CPU.ActiveCfg = Debug|iPhone
		{761B7155-D638-4BCB-B81E-A89DB8DD6568}.Debug|ARM.ActiveCfg = Debug|iPhone
		{761B7155-D638-4BCB-B81E-A89DB8DD6568}.Debug|iPhone.ActiveCfg = Debug|iPhone
		{761B7155-D638-4BCB-B81E-A89DB8DD6568}.Debug|iPhone.Build.0 = Debug|iPhone
		{761B7155-D638-4BCB-B81E-A89DB8DD6568}.Debug|iPhoneSimulator.ActiveCfg = Debug|iPhoneSimulator
		{761B7155-D638-4BCB-B81E-A89DB8DD6568}.Debug|iPhoneSimulator.Build.0 = Debug|iPhoneSimulator
		{761B7155-D638-4BCB-B81E-A89DB8DD6568}.Debug|x64.ActiveCfg = Debug|iPhone
		{761B7155-D638-4BCB-B81E-A89DB8DD6568}.Debug|x86.ActiveCfg = Debug|iPhone
		{761B7155-D638-4BCB-B81E-A89DB8DD6568}.Release|Any CPU.ActiveCfg = Release|iPhone
		{761B7155-D638-4BCB-B81E-A89DB8DD6568}.Release|ARM.ActiveCfg = Release|iPhone
		{761B7155-D638-4BCB-B81E-A89DB8DD6568}.Release|iPhone.ActiveCfg = Release|iPhone
		{761B7155-D638-4BCB-B81E-A89DB8DD6568}.Release|iPhone.Build.0 = Release|iPhone
		{761B7155-D638-4BCB-B81E-A89DB8DD6568}.Release|iPhoneSimulator.ActiveCfg = Release|iPhoneSimulator
		{761B7155-D638-4BCB-B81E-A89DB8DD6568}.Release|iPhoneSimulator.Build.0 = Release|iPhoneSimulator
		{761B7155-D638-4BCB-B81E-A89DB8DD6568}.Release|x64.ActiveCfg = Release|iPhone
		{761B7155-D638-4BCB-B81E-A89DB8DD6568}.Release|x86.ActiveCfg = Release|iPhone
	EndGlobalSection
	GlobalSection(SolutionProperties) = preSolution
		HideSolutionNode = FALSE
	EndGlobalSection
EndGlobal
